
Microsoft Visual Studio Solution File, Format Version 12.00
# Visual Studio Version 17
VisualStudioVersion = 17.9.34723.18
MinimumVisualStudioVersion = 10.0.40219.1
Project("{FAE04EC0-301F-11D3-BF4B-00C04F79EFBC}") = "Recipe App", "Recipe App.csproj", "{348E67E6-9A84-43C9-9504-BFC7E9465EF5}"
EndProject
Global
	GlobalSection(SolutionConfigurationPlatforms) = preSolution
		Debug|Any CPU = Debug|Any CPU
		Release|Any CPU = Release|Any CPU
	EndGlobalSection
	GlobalSection(ProjectConfigurationPlatforms) = postSolution
		{348E67E6-9A84-43C9-9504-BFC7E9465EF5}.Debug|Any CPU.ActiveCfg = Debug|Any CPU
		{348E67E6-9A84-43C9-9504-BFC7E9465EF5}.Debug|Any CPU.Build.0 = Debug|Any CPU
		{348E67E6-9A84-43C9-9504-BFC7E9465EF5}.Release|Any CPU.ActiveCfg = Release|Any CPU
		{348E67E6-9A84-43C9-9504-BFC7E9465EF5}.Release|Any CPU.Build.0 = Release|Any CPU
	EndGlobalSection
	GlobalSection(SolutionProperties) = preSolution
		HideSolutionNode = FALSE
	EndGlobalSection
	GlobalSection(ExtensibilityGlobals) = postSolution
		SolutionGuid = {A862729C-991A-4CED-B295-C1B724A698A4}
	EndGlobalSection
EndGlobal
